
Microsoft Visual Studio Solution File, Format Version 12.00
# Visual Studio Express 2012 for Web
Project("{FAE04EC0-301F-11D3-BF4B-00C04F79EFBC}") = "IAnswerable.Utility", "IAnswerable.Utility\IAnswerable.Utility.csproj", "{57B1088D-E2B8-4452-9D83-84DEF3E75916}"
EndProject
Global
	GlobalSection(SolutionConfigurationPlatforms) = preSolution
		Debug|Any CPU = Debug|Any CPU
		Release|Any CPU = Release|Any CPU
	EndGlobalSection
	GlobalSection(ProjectConfigurationPlatforms) = postSolution
		{57B1088D-E2B8-4452-9D83-84DEF3E75916}.Debug|Any CPU.ActiveCfg = Debug|Any CPU
		{57B1088D-E2B8-4452-9D83-84DEF3E75916}.Debug|Any CPU.Build.0 = Debug|Any CPU
		{57B1088D-E2B8-4452-9D83-84DEF3E75916}.Release|Any CPU.ActiveCfg = Release|Any CPU
		{57B1088D-E2B8-4452-9D83-84DEF3E75916}.Release|Any CPU.Build.0 = Release|Any CPU
	EndGlobalSection
	GlobalSection(SolutionProperties) = preSolution
		HideSolutionNode = FALSE
	EndGlobalSection
EndGlobal
